// !$*UTF8*$!
{
	archiveVersion = 1;
	classes = {
	};
	objectVersion = 50;
	objects = {

/* Begin PBXBuildFile section */
		F3F2E6AA2177CB8900BDE6C3 /* ViewController.swift in Sources */ = {isa = PBXBuildFile; fileRef = F3F2E69D2177CB8900BDE6C3 /* ViewController.swift */; };
		F3F2E6AB2177CB8900BDE6C3 /* AppDelegate.swift in Sources */ = {isa = PBXBuildFile; fileRef = F3F2E69E2177CB8900BDE6C3 /* AppDelegate.swift */; };
		F3F2E6AC2177CB8900BDE6C3 /* Assets.xcassets in Resources */ = {isa = PBXBuildFile; fileRef = F3F2E6A02177CB8900BDE6C3 /* Assets.xcassets */; };
		F3F2E6AD2177CB8900BDE6C3 /* LaunchScreen.storyboard in Resources */ = {isa = PBXBuildFile; fileRef = F3F2E6A12177CB8900BDE6C3 /* LaunchScreen.storyboard */; };
		F3F2E6AE2177CB8900BDE6C3 /* Main.storyboard in Resources */ = {isa = PBXBuildFile; fileRef = F3F2E6A32177CB8900BDE6C3 /* Main.storyboard */; };
		F3F2E6AF2177CB8900BDE6C3 /* Debug.swift in Sources */ = {isa = PBXBuildFile; fileRef = F3F2E6A62177CB8900BDE6C3 /* Debug.swift */; };
		F3F2E6B02177CB8900BDE6C3 /* AuthContext.swift in Sources */ = {isa = PBXBuildFile; fileRef = F3F2E6A82177CB8900BDE6C3 /* AuthContext.swift */; };
		F3F2E6B12177CB8900BDE6C3 /* Info.plist in Resources */ = {isa = PBXBuildFile; fileRef = F3F2E6A92177CB8900BDE6C3 /* Info.plist */; };
/* End PBXBuildFile section */

/* Begin PBXFileReference section */
		F3A319A22087EFC000E46316 /* BiometricID.app */ = {isa = PBXFileReference; explicitFileType = wrapper.application; includeInIndex = 0; path = BiometricID.app; sourceTree = BUILT_PRODUCTS_DIR; };
		F3F2E69D2177CB8900BDE6C3 /* ViewController.swift */ = {isa = PBXFileReference; fileEncoding = 4; lastKnownFileType = sourcecode.swift; path = ViewController.swift; sourceTree = "<group>"; };
		F3F2E69E2177CB8900BDE6C3 /* AppDelegate.swift */ = {isa = PBXFileReference; fileEncoding = 4; lastKnownFileType = sourcecode.swift; path = AppDelegate.swift; sourceTree = "<group>"; };
		F3F2E6A02177CB8900BDE6C3 /* Assets.xcassets */ = {isa = PBXFileReference; lastKnownFileType = folder.assetcatalog; path = Assets.xcassets; sourceTree = "<group>"; };
		F3F2E6A22177CB8900BDE6C3 /* Base */ = {isa = PBXFileReference; lastKnownFileType = file.storyboard; name = Base; path = Base.lproj/LaunchScreen.storyboard; sourceTree = "<group>"; };
		F3F2E6A42177CB8900BDE6C3 /* Base */ = {isa = PBXFileReference; lastKnownFileType = file.storyboard; name = Base; path = Base.lproj/Main.storyboard; sourceTree = "<group>"; };
		F3F2E6A62177CB8900BDE6C3 /* Debug.swift */ = {isa = PBXFileReference; fileEncoding = 4; lastKnownFileType = sourcecode.swift; path = Debug.swift; sourceTree = "<group>"; };
		F3F2E6A82177CB8900BDE6C3 /* AuthContext.swift */ = {isa = PBXFileReference; fileEncoding = 4; lastKnownFileType = sourcecode.swift; path = AuthContext.swift; sourceTree = "<group>"; };
		F3F2E6A92177CB8900BDE6C3 /* Info.plist */ = {isa = PBXFileReference; fileEncoding = 4; lastKnownFileType = text.plist.xml; path = Info.plist; sourceTree = "<group>"; };
/* End PBXFileReference section */

/* Begin PBXFrameworksBuildPhase section */
		F3A3199F2087EFC000E46316 /* Frameworks */ = {
			isa = PBXFrameworksBuildPhase;
			buildActionMask = 2147483647;
			files = (
			);
			runOnlyForDeploymentPostprocessing = 0;
		};
/* End PBXFrameworksBuildPhase section */

/* Begin PBXGroup section */
		F3A319992087EFC000E46316 = {
			isa = PBXGroup;
			children = (
				F3F2E69B2177CB8900BDE6C3 /* BiometricID */,
				F3A319A32087EFC000E46316 /* Products */,
			);
			sourceTree = "<group>";
		};
		F3A319A32087EFC000E46316 /* Products */ = {
			isa = PBXGroup;
			children = (
				F3A319A22087EFC000E46316 /* BiometricID.app */,
			);
			name = Products;
			sourceTree = "<group>";
		};
		F3F2E69B2177CB8900BDE6C3 /* BiometricID */ = {
			isa = PBXGroup;
			children = (
				F3F2E6A52177CB8900BDE6C3 /* Common */,
				F3F2E6A72177CB8900BDE6C3 /* Model */,
				F3F2E69F2177CB8900BDE6C3 /* Resources */,
				F3F2E69C2177CB8900BDE6C3 /* UI */,
				F3F2E6A92177CB8900BDE6C3 /* Info.plist */,
			);
			path = BiometricID;
			sourceTree = "<group>";
		};
		F3F2E69C2177CB8900BDE6C3 /* UI */ = {
			isa = PBXGroup;
			children = (
				F3F2E69D2177CB8900BDE6C3 /* ViewController.swift */,
				F3F2E69E2177CB8900BDE6C3 /* AppDelegate.swift */,
			);
			path = UI;
			sourceTree = "<group>";
		};
		F3F2E69F2177CB8900BDE6C3 /* Resources */ = {
			isa = PBXGroup;
			children = (
				F3F2E6A02177CB8900BDE6C3 /* Assets.xcassets */,
				F3F2E6A12177CB8900BDE6C3 /* LaunchScreen.storyboard */,
				F3F2E6A32177CB8900BDE6C3 /* Main.storyboard */,
			);
			path = Resources;
			sourceTree = "<group>";
		};
		F3F2E6A52177CB8900BDE6C3 /* Common */ = {
			isa = PBXGroup;
			children = (
				F3F2E6A62177CB8900BDE6C3 /* Debug.swift */,
			);
			path = Common;
			sourceTree = "<group>";
		};
		F3F2E6A72177CB8900BDE6C3 /* Model */ = {
			isa = PBXGroup;
			children = (
				F3F2E6A82177CB8900BDE6C3 /* AuthContext.swift */,
			);
			path = Model;
			sourceTree = "<group>";
		};
/* End PBXGroup section */

/* Begin PBXNativeTarget section */
		F3A319A12087EFC000E46316 /* BiometricID */ = {
			isa = PBXNativeTarget;
			buildConfigurationList = F3A319B42087EFC200E46316 /* Build configuration list for PBXNativeTarget "BiometricID" */;
			buildPhases = (
				F3A3199E2087EFC000E46316 /* Sources */,
				F3A3199F2087EFC000E46316 /* Frameworks */,
				F3A319A02087EFC000E46316 /* Resources */,
			);
			buildRules = (
			);
			dependencies = (
			);
			name = BiometricID;
			productName = BiometricID;
			productReference = F3A319A22087EFC000E46316 /* BiometricID.app */;
			productType = "com.apple.product-type.application";
		};
/* End PBXNativeTarget section */

/* Begin PBXProject section */
		F3A3199A2087EFC000E46316 /* Project object */ = {
			isa = PBXProject;
			attributes = {
				LastSwiftUpdateCheck = 0930;
				LastUpgradeCheck = 0930;
				ORGANIZATIONNAME = "Elena Lemeshko";
				TargetAttributes = {
					F3A319A12087EFC000E46316 = {
						CreatedOnToolsVersion = 9.3;
					};
				};
			};
			buildConfigurationList = F3A3199D2087EFC000E46316 /* Build configuration list for PBXProject "BiometricID" */;
			compatibilityVersion = "Xcode 9.3";
			developmentRegion = en;
			hasScannedForEncodings = 0;
			knownRegions = (
				en,
				Base,
			);
			mainGroup = F3A319992087EFC000E46316;
			productRefGroup = F3A319A32087EFC000E46316 /* Products */;
			projectDirPath = "";
			projectRoot = "";
			targets = (
				F3A319A12087EFC000E46316 /* BiometricID */,
			);
		};
/* End PBXProject section */

/* Begin PBXResourcesBuildPhase section */
		F3A319A02087EFC000E46316 /* Resources */ = {
			isa = PBXResourcesBuildPhase;
			buildActionMask = 2147483647;
			files = (
				F3F2E6AC2177CB8900BDE6C3 /* Assets.xcassets in Resources */,
				F3F2E6AE2177CB8900BDE6C3 /* Main.storyboard in Resources */,
				F3F2E6AD2177CB8900BDE6C3 /* LaunchScreen.storyboard in Resources */,
				F3F2E6B12177CB8900BDE6C3 /* Info.plist in Resources */,
			);
			runOnlyForDeploymentPostprocessing = 0;
		};
/* End PBXResourcesBuildPhase section */

/* Begin PBXSourcesBuildPhase section */
		F3A3199E2087EFC000E46316 /* Sources */ = {
			isa = PBXSourcesBuildPhase;
			buildActionMask = 2147483647;
			files = (
				F3F2E6AB2177CB8900BDE6C3 /* AppDelegate.swift in Sources */,
				F3F2E6AA2177CB8900BDE6C3 /* ViewController.swift in Sources */,
				F3F2E6B02177CB8900BDE6C3 /* AuthContext.swift in Sources */,
				F3F2E6AF2177CB8900BDE6C3 /* Debug.swift in Sources */,
			);
			runOnlyForDeploymentPostprocessing = 0;
		};
/* End PBXSourcesBuildPhase section */

/* Begin PBXVariantGroup section */
		F3F2E6A12177CB8900BDE6C3 /* LaunchScreen.storyboard */ = {
			isa = PBXVariantGroup;
			children = (
				F3F2E6A22177CB8900BDE6C3 /* Base */,
			);
			name = LaunchScreen.storyboard;
			sourceTree = "<group>";
		};
		F3F2E6A32177CB8900BDE6C3 /* Main.storyboard */ = {
			isa = PBXVariantGroup;
			children = (
				F3F2E6A42177CB8900BDE6C3 /* Base */,
			);
			name = Main.storyboard;
			sourceTree = "<group>";
		};
/* End PBXVariantGroup section */

/* Begin XCBuildConfiguration section */
		F3A319B22087EFC200E46316 /* Debug */ = {
			isa = XCBuildConfiguration;
			buildSettings = {
				ALWAYS_SEARCH_USER_PATHS = NO;
				CLANG_ANALYZER_NONNULL = YES;
				CLANG_ANALYZER_NUMBER_OBJECT_CONVERSION = YES_AGGRESSIVE;
				CLANG_CXX_LANGUAGE_STANDARD = "gnu++14";
				CLANG_CXX_LIBRARY = "libc++";
				CLANG_ENABLE_MODULES = YES;
				CLANG_ENABLE_OBJC_ARC = YES;
				CLANG_ENABLE_OBJC_WEAK = YES;
				CLANG_WARN_BLOCK_CAPTURE_AUTORELEASING = YES;
				CLANG_WARN_BOOL_CONVERSION = YES;
				CLANG_WARN_COMMA = YES;
				CLANG_WARN_CONSTANT_CONVERSION = YES;
				CLANG_WARN_DEPRECATED_OBJC_IMPLEMENTATIONS = YES;
				CLANG_WARN_DIRECT_OBJC_ISA_USAGE = YES_ERROR;
				CLANG_WARN_DOCUMENTATION_COMMENTS = YES;
				CLANG_WARN_EMPTY_BODY = YES;
				CLANG_WARN_ENUM_CONVERSION = YES;
				CLANG_WARN_INFINITE_RECURSION = YES;
				CLANG_WARN_INT_CONVERSION = YES;
				CLANG_WARN_NON_LITERAL_NULL_CONVERSION = YES;
				CLANG_WARN_OBJC_IMPLICIT_RETAIN_SELF = YES;
				CLANG_WARN_OBJC_LITERAL_CONVERSION = YES;
				CLANG_WARN_OBJC_ROOT_CLASS = YES_ERROR;
				CLANG_WARN_RANGE_LOOP_ANALYSIS = YES;
				CLANG_WARN_STRICT_PROTOTYPES = YES;
				CLANG_WARN_SUSPICIOUS_MOVE = YES;
				CLANG_WARN_UNGUARDED_AVAILABILITY = YES_AGGRESSIVE;
				CLANG_WARN_UNREACHABLE_CODE = YES;
				CLANG_WARN__DUPLICATE_METHOD_MATCH = YES;
				CODE_SIGN_IDENTITY = "iPhone Developer";
				COPY_PHASE_STRIP = NO;
				DEBUG_INFORMATION_FORMAT = dwarf;
				ENABLE_STRICT_OBJC_MSGSEND = YES;
				ENABLE_TESTABILITY = YES;
				GCC_C_LANGUAGE_STANDARD = gnu11;
				GCC_DYNAMIC_NO_PIC = NO;
				GCC_NO_COMMON_BLOCKS = YES;
				GCC_OPTIMIZATION_LEVEL = 0;
				GCC_PREPROCESSOR_DEFINITIONS = (
					"DEBUG=1",
					"$(inherited)",
				);
				GCC_WARN_64_TO_32_BIT_CONVERSION = YES;
				GCC_WARN_ABOUT_RETURN_TYPE = YES_ERROR;
				GCC_WARN_UNDECLARED_SELECTOR = YES;
				GCC_WARN_UNINITIALIZED_AUTOS = YES_AGGRESSIVE;
				GCC_WARN_UNUSED_FUNCTION = YES;
				GCC_WARN_UNUSED_VARIABLE = YES;
				IPHONEOS_DEPLOYMENT_TARGET = 11.3;
				MTL_ENABLE_DEBUG_INFO = YES;
				ONLY_ACTIVE_ARCH = YES;
				SDKROOT = iphoneos;
				SWIFT_ACTIVE_COMPILATION_CONDITIONS = DEBUG;
				SWIFT_OPTIMIZATION_LEVEL = "-Onone";
			};
			name = Debug;
		};
		F3A319B32087EFC200E46316 /* Release */ = {
			isa = XCBuildConfiguration;
			buildSettings = {
				ALWAYS_SEARCH_USER_PATHS = NO;
				CLANG_ANALYZER_NONNULL = YES;
				CLANG_ANALYZER_NUMBER_OBJECT_CONVERSION = YES_AGGRESSIVE;
				CLANG_CXX_LANGUAGE_STANDARD = "gnu++14";
				CLANG_CXX_LIBRARY = "libc++";
				CLANG_ENABLE_MODULES = YES;
				CLANG_ENABLE_OBJC_ARC = YES;
				CLANG_ENABLE_OBJC_WEAK = YES;
				CLANG_WARN_BLOCK_CAPTURE_AUTORELEASING = YES;
				CLANG_WARN_BOOL_CONVERSION = YES;
				CLANG_WARN_COMMA = YES;
				CLANG_WARN_CONSTANT_CONVERSION = YES;
				CLANG_WARN_DEPRECATED_OBJC_IMPLEMENTATIONS = YES;
				CLANG_WARN_DIRECT_OBJC_ISA_USAGE = YES_ERROR;
				CLANG_WARN_DOCUMENTATION_COMMENTS = YES;
				CLANG_WARN_EMPTY_BODY = YES;
				CLANG_WARN_ENUM_CONVERSION = YES;
				CLANG_WARN_INFINITE_RECURSION = YES;
				CLANG_WARN_INT_CONVERSION = YES;
				CLANG_WARN_NON_LITERAL_NULL_CONVERSION = YES;
				CLANG_WARN_OBJC_IMPLICIT_RETAIN_SELF = YES;
				CLANG_WARN_OBJC_LITERAL_CONVERSION = YES;
				CLANG_WARN_OBJC_ROOT_CLASS = YES_ERROR;
				CLANG_WARN_RANGE_LOOP_ANALYSIS = YES;
				CLANG_WARN_STRICT_PROTOTYPES = YES;
				CLANG_WARN_SUSPICIOUS_MOVE = YES;
				CLANG_WARN_UNGUARDED_AVAILABILITY = YES_AGGRESSIVE;
				CLANG_WARN_UNREACHABLE_CODE = YES;
				CLANG_WARN__DUPLICATE_METHOD_MATCH = YES;
				CODE_SIGN_IDENTITY = "iPhone Developer";
				COPY_PHASE_STRIP = NO;
				DEBUG_INFORMATION_FORMAT = "dwarf-with-dsym";
				ENABLE_NS_ASSERTIONS = NO;
				ENABLE_STRICT_OBJC_MSGSEND = YES;
				GCC_C_LANGUAGE_STANDARD = gnu11;
				GCC_NO_COMMON_BLOCKS = YES;
				GCC_WARN_64_TO_32_BIT_CONVERSION = YES;
				GCC_WARN_ABOUT_RETURN_TYPE = YES_ERROR;
				GCC_WARN_UNDECLARED_SELECTOR = YES;
				GCC_WARN_UNINITIALIZED_AUTOS = YES_AGGRESSIVE;
				GCC_WARN_UNUSED_FUNCTION = YES;
				GCC_WARN_UNUSED_VARIABLE = YES;
				IPHONEOS_DEPLOYMENT_TARGET = 11.3;
				MTL_ENABLE_DEBUG_INFO = NO;
				SDKROOT = iphoneos;
				SWIFT_COMPILATION_MODE = wholemodule;
				SWIFT_OPTIMIZATION_LEVEL = "-O";
				VALIDATE_PRODUCT = YES;
			};
			name = Release;
		};
		F3A319B52087EFC200E46316 /* Debug */ = {
			isa = XCBuildConfiguration;
			buildSettings = {
				ASSETCATALOG_COMPILER_APPICON_NAME = AppIcon;
				CODE_SIGN_STYLE = Automatic;
				DEVELOPMENT_TEAM = 4YD5EBXCMX;
				INFOPLIST_FILE = BiometricID/Info.plist;
				IPHONEOS_DEPLOYMENT_TARGET = 11.0;
				LD_RUNPATH_SEARCH_PATHS = (
					"$(inherited)",
					"@executable_path/Frameworks",
				);
				PRODUCT_BUNDLE_IDENTIFIER = "com.example.apple-samplecode.Interactive-Content4YD5EBXCMX";
				PRODUCT_NAME = "$(TARGET_NAME)";
				SWIFT_VERSION = 4.0;
				TARGETED_DEVICE_FAMILY = "1,2";
			};
			name = Debug;
		};
		F3A319B62087EFC200E46316 /* Release */ = {
			isa = XCBuildConfiguration;
			buildSettings = {
				ASSETCATALOG_COMPILER_APPICON_NAME = AppIcon;
				CODE_SIGN_STYLE = Automatic;
				DEVELOPMENT_TEAM = 4YD5EBXCMX;
				INFOPLIST_FILE = BiometricID/Info.plist;
				IPHONEOS_DEPLOYMENT_TARGET = 11.0;
				LD_RUNPATH_SEARCH_PATHS = (
					"$(inherited)",
					"@executable_path/Frameworks",
				);
				PRODUCT_BUNDLE_IDENTIFIER = "com.example.apple-samplecode.Interactive-Content4YD5EBXCMX";
				PRODUCT_NAME = "$(TARGET_NAME)";
				SWIFT_VERSION = 4.0;
				TARGETED_DEVICE_FAMILY = "1,2";
			};
			name = Release;
		};
/* End XCBuildConfiguration section */

/* Begin XCConfigurationList section */
		F3A3199D2087EFC000E46316 /* Build configuration list for PBXProject "BiometricID" */ = {
			isa = XCConfigurationList;
			buildConfigurations = (
				F3A319B22087EFC200E46316 /* Debug */,
				F3A319B32087EFC200E46316 /* Release */,
			);
			defaultConfigurationIsVisible = 0;
			defaultConfigurationName = Release;
		};
		F3A319B42087EFC200E46316 /* Build configuration list for PBXNativeTarget "BiometricID" */ = {
			isa = XCConfigurationList;
			buildConfigurations = (
				F3A319B52087EFC200E46316 /* Debug */,
				F3A319B62087EFC200E46316 /* Release */,
			);
			defaultConfigurationIsVisible = 0;
			defaultConfigurationName = Release;
		};
/* End XCConfigurationList section */
	};
	rootObject = F3A3199A2087EFC000E46316 /* Project object */;
}
